
Microsoft Visual Studio Solution File, Format Version 12.00
Project("{FAE04EC0-301F-11D3-BF4B-00C04F79EFBC}") = "BooksApi", "BooksApi\BooksApi.csproj", "{75E90428-26B1-4C58-80DB-9EFD6F343C29}"
EndProject
Global
	GlobalSection(SolutionConfigurationPlatforms) = preSolution
		Debug|Any CPU = Debug|Any CPU
		Release|Any CPU = Release|Any CPU
	EndGlobalSection
	GlobalSection(ProjectConfigurationPlatforms) = postSolution
		{75E90428-26B1-4C58-80DB-9EFD6F343C29}.Debug|Any CPU.ActiveCfg = Debug|Any CPU
		{75E90428-26B1-4C58-80DB-9EFD6F343C29}.Debug|Any CPU.Build.0 = Debug|Any CPU
		{75E90428-26B1-4C58-80DB-9EFD6F343C29}.Release|Any CPU.ActiveCfg = Release|Any CPU
		{75E90428-26B1-4C58-80DB-9EFD6F343C29}.Release|Any CPU.Build.0 = Release|Any CPU
	EndGlobalSection
EndGlobal
